
Microsoft Visual Studio Solution File, Format Version 12.00
# Visual Studio Version 17
VisualStudioVersion = 17.7.34221.43
MinimumVisualStudioVersion = 10.0.40219.1
Project("{FAE04EC0-301F-11D3-BF4B-00C04F79EFBC}") = "MobileAppMauiApp1", "MobileAppMauiApp1\MobileAppMauiApp1.csproj", "{A1CB4324-1705-4F5C-9A16-BE5138C9692F}"
EndProject
Global
	GlobalSection(SolutionConfigurationPlatforms) = preSolution
		Debug|Any CPU = Debug|Any CPU
		Release|Any CPU = Release|Any CPU
	EndGlobalSection
	GlobalSection(ProjectConfigurationPlatforms) = postSolution
		{A1CB4324-1705-4F5C-9A16-BE5138C9692F}.Debug|Any CPU.ActiveCfg = Debug|Any CPU
		{A1CB4324-1705-4F5C-9A16-BE5138C9692F}.Debug|Any CPU.Build.0 = Debug|Any CPU
		{A1CB4324-1705-4F5C-9A16-BE5138C9692F}.Debug|Any CPU.Deploy.0 = Debug|Any CPU
		{A1CB4324-1705-4F5C-9A16-BE5138C9692F}.Release|Any CPU.ActiveCfg = Release|Any CPU
		{A1CB4324-1705-4F5C-9A16-BE5138C9692F}.Release|Any CPU.Build.0 = Release|Any CPU
		{A1CB4324-1705-4F5C-9A16-BE5138C9692F}.Release|Any CPU.Deploy.0 = Release|Any CPU
	EndGlobalSection
	GlobalSection(SolutionProperties) = preSolution
		HideSolutionNode = FALSE
	EndGlobalSection
	GlobalSection(ExtensibilityGlobals) = postSolution
		SolutionGuid = {AFBA34EE-41E0-45A8-8891-F5539E92F4AF}
	EndGlobalSection
EndGlobal
